// !$*UTF8*$!
{
	archiveVersion = 1;
	classes = {
	};
	objectVersion = 60;
	objects = {

/* Begin PBXBuildFile section */
		A00100000000000000000001 /* Apps/ReaShoot/ReaShootApp.swift in Sources */ = {isa = PBXBuildFile; fileRef = A00200000000000000000001 /* Apps/ReaShoot/ReaShootApp.swift */; };
		A00100000000000000000002 /* Apps/ReaShoot/ContentView.swift in Sources */ = {isa = PBXBuildFile; fileRef = A00200000000000000000002 /* Apps/ReaShoot/ContentView.swift */; };
		A00100000000000000000003 /* Sources/VideoSyncCore/Checksum.swift in Sources */ = {isa = PBXBuildFile; fileRef = A00200000000000000000003 /* Sources/VideoSyncCore/Checksum.swift */; };
		A00100000000000000000004 /* Sources/VideoSyncCore/ControlProtocol.swift in Sources */ = {isa = PBXBuildFile; fileRef = A00200000000000000000004 /* Sources/VideoSyncCore/ControlProtocol.swift */; };
		A00100000000000000000005 /* Sources/VideoSyncCore/FileState.swift in Sources */ = {isa = PBXBuildFile; fileRef = A00200000000000000000005 /* Sources/VideoSyncCore/FileState.swift */; };
		A00100000000000000000006 /* Sources/ReaShootKit/CaptureRecordingEngine.swift in Sources */ = {isa = PBXBuildFile; fileRef = A00200000000000000000006 /* Sources/ReaShootKit/CaptureRecordingEngine.swift */; };
		A00100000000000000000007 /* Sources/ReaShootKit/HTTPRecordingServer.swift in Sources */ = {isa = PBXBuildFile; fileRef = A00200000000000000000007 /* Sources/ReaShootKit/HTTPRecordingServer.swift */; };
		A00100000000000000000008 /* Sources/ReaShootKit/ReaShootService.swift in Sources */ = {isa = PBXBuildFile; fileRef = A00200000000000000000008 /* Sources/ReaShootKit/ReaShootService.swift */; };
		A00100000000000000000009 /* Sources/ReaShootKit/LocalWebSocketServer.swift in Sources */ = {isa = PBXBuildFile; fileRef = A00200000000000000000009 /* Sources/ReaShootKit/LocalWebSocketServer.swift */; };
		A0010000000000000000000A /* Sources/ReaShootKit/PairingStore.swift in Sources */ = {isa = PBXBuildFile; fileRef = A0020000000000000000000A /* Sources/ReaShootKit/PairingStore.swift */; };
		A0010000000000000000000B /* Sources/ReaShootKit/RecordingStore.swift in Sources */ = {isa = PBXBuildFile; fileRef = A0020000000000000000000B /* Sources/ReaShootKit/RecordingStore.swift */; };
		A0010000000000000000000C /* Sources/ReaShootKit/WebRTCPreviewSession.swift in Sources */ = {isa = PBXBuildFile; fileRef = A0020000000000000000000E /* Sources/ReaShootKit/WebRTCPreviewSession.swift */; };
		A0010000000000000000000D /* LiveKitWebRTC in Frameworks */ = {isa = PBXBuildFile; productRef = A01100000000000000000002 /* LiveKitWebRTC */; };
		A0010000000000000000000E /* Apps/ReaShoot/Assets.xcassets in Resources */ = {isa = PBXBuildFile; fileRef = A0020000000000000000000F /* Apps/ReaShoot/Assets.xcassets */; };
/* End PBXBuildFile section */

/* Begin PBXFileReference section */
		A00200000000000000000001 /* Apps/ReaShoot/ReaShootApp.swift */ = {isa = PBXFileReference; lastKnownFileType = sourcecode.swift; path = Apps/ReaShoot/ReaShootApp.swift; sourceTree = "<group>"; };
		A00200000000000000000002 /* Apps/ReaShoot/ContentView.swift */ = {isa = PBXFileReference; lastKnownFileType = sourcecode.swift; path = Apps/ReaShoot/ContentView.swift; sourceTree = "<group>"; };
		A00200000000000000000003 /* Sources/VideoSyncCore/Checksum.swift */ = {isa = PBXFileReference; lastKnownFileType = sourcecode.swift; path = Sources/VideoSyncCore/Checksum.swift; sourceTree = "<group>"; };
		A00200000000000000000004 /* Sources/VideoSyncCore/ControlProtocol.swift */ = {isa = PBXFileReference; lastKnownFileType = sourcecode.swift; path = Sources/VideoSyncCore/ControlProtocol.swift; sourceTree = "<group>"; };
		A00200000000000000000005 /* Sources/VideoSyncCore/FileState.swift */ = {isa = PBXFileReference; lastKnownFileType = sourcecode.swift; path = Sources/VideoSyncCore/FileState.swift; sourceTree = "<group>"; };
		A00200000000000000000006 /* Sources/ReaShootKit/CaptureRecordingEngine.swift */ = {isa = PBXFileReference; lastKnownFileType = sourcecode.swift; path = Sources/ReaShootKit/CaptureRecordingEngine.swift; sourceTree = "<group>"; };
		A00200000000000000000007 /* Sources/ReaShootKit/HTTPRecordingServer.swift */ = {isa = PBXFileReference; lastKnownFileType = sourcecode.swift; path = Sources/ReaShootKit/HTTPRecordingServer.swift; sourceTree = "<group>"; };
		A00200000000000000000008 /* Sources/ReaShootKit/ReaShootService.swift */ = {isa = PBXFileReference; lastKnownFileType = sourcecode.swift; path = Sources/ReaShootKit/ReaShootService.swift; sourceTree = "<group>"; };
		A00200000000000000000009 /* Sources/ReaShootKit/LocalWebSocketServer.swift */ = {isa = PBXFileReference; lastKnownFileType = sourcecode.swift; path = Sources/ReaShootKit/LocalWebSocketServer.swift; sourceTree = "<group>"; };
		A0020000000000000000000A /* Sources/ReaShootKit/PairingStore.swift */ = {isa = PBXFileReference; lastKnownFileType = sourcecode.swift; path = Sources/ReaShootKit/PairingStore.swift; sourceTree = "<group>"; };
		A0020000000000000000000B /* Sources/ReaShootKit/RecordingStore.swift */ = {isa = PBXFileReference; lastKnownFileType = sourcecode.swift; path = Sources/ReaShootKit/RecordingStore.swift; sourceTree = "<group>"; };
		A0020000000000000000000C /* Apps/ReaShoot/Info.plist */ = {isa = PBXFileReference; lastKnownFileType = text.plist.xml; path = Apps/ReaShoot/Info.plist; sourceTree = "<group>"; };
		A0020000000000000000000D /* ReaShoot.app */ = {isa = PBXFileReference; explicitFileType = wrapper.application; includeInIndex = 0; path = ReaShoot.app; sourceTree = BUILT_PRODUCTS_DIR; };
		A0020000000000000000000E /* Sources/ReaShootKit/WebRTCPreviewSession.swift */ = {isa = PBXFileReference; lastKnownFileType = sourcecode.swift; path = Sources/ReaShootKit/WebRTCPreviewSession.swift; sourceTree = "<group>"; };
		A0020000000000000000000F /* Apps/ReaShoot/Assets.xcassets */ = {isa = PBXFileReference; lastKnownFileType = folder.assetcatalog; path = Apps/ReaShoot/Assets.xcassets; sourceTree = "<group>"; };
/* End PBXFileReference section */

/* Begin PBXFrameworksBuildPhase section */
		A00500000000000000000002 /* Frameworks */ = {
			isa = PBXFrameworksBuildPhase;
			buildActionMask = 2147483647;
			files = (
				A0010000000000000000000D /* LiveKitWebRTC in Frameworks */,
			);
			runOnlyForDeploymentPostprocessing = 0;
		};
/* End PBXFrameworksBuildPhase section */

/* Begin PBXGroup section */
		A00300000000000000000001 = {
			isa = PBXGroup;
			children = (
				A00300000000000000000003 /* App */,
				A00300000000000000000004 /* Core */,
				A00300000000000000000005 /* iPhone Kit */,
				A00300000000000000000002 /* Products */,
			);
			sourceTree = "<group>";
		};
		A00300000000000000000002 /* Products */ = {
			isa = PBXGroup;
			children = (
				A0020000000000000000000D /* ReaShoot.app */,
			);
			name = Products;
			sourceTree = "<group>";
		};
		A00300000000000000000003 /* App */ = {
			isa = PBXGroup;
			children = (
				A00200000000000000000001 /* Apps/ReaShoot/ReaShootApp.swift */,
				A00200000000000000000002 /* Apps/ReaShoot/ContentView.swift */,
				A0020000000000000000000C /* Apps/ReaShoot/Info.plist */,
				A0020000000000000000000F /* Apps/ReaShoot/Assets.xcassets */,
			);
			name = App;
			sourceTree = "<group>";
		};
		A00300000000000000000004 /* Core */ = {
			isa = PBXGroup;
			children = (
				A00200000000000000000003 /* Sources/VideoSyncCore/Checksum.swift */,
				A00200000000000000000004 /* Sources/VideoSyncCore/ControlProtocol.swift */,
				A00200000000000000000005 /* Sources/VideoSyncCore/FileState.swift */,
			);
			name = Core;
			sourceTree = "<group>";
		};
		A00300000000000000000005 /* iPhone Kit */ = {
			isa = PBXGroup;
			children = (
				A00200000000000000000006 /* Sources/ReaShootKit/CaptureRecordingEngine.swift */,
				A00200000000000000000007 /* Sources/ReaShootKit/HTTPRecordingServer.swift */,
				A00200000000000000000008 /* Sources/ReaShootKit/ReaShootService.swift */,
				A00200000000000000000009 /* Sources/ReaShootKit/LocalWebSocketServer.swift */,
				A0020000000000000000000A /* Sources/ReaShootKit/PairingStore.swift */,
				A0020000000000000000000B /* Sources/ReaShootKit/RecordingStore.swift */,
				A0020000000000000000000E /* Sources/ReaShootKit/WebRTCPreviewSession.swift */,
			);
			name = "iPhone Kit";
			sourceTree = "<group>";
		};
/* End PBXGroup section */

/* Begin PBXNativeTarget section */
		A00400000000000000000001 /* ReaShoot */ = {
			isa = PBXNativeTarget;
			buildConfigurationList = A00900000000000000000002 /* Build configuration list for PBXNativeTarget "ReaShoot" */;
			buildPhases = (
				A00500000000000000000001 /* Sources */,
				A00500000000000000000002 /* Frameworks */,
				A00500000000000000000003 /* Resources */,
			);
			buildRules = (
			);
			dependencies = (
			);
			name = ReaShoot;
			packageProductDependencies = (
				A01100000000000000000002 /* LiveKitWebRTC */,
			);
			productName = ReaShoot;
			productReference = A0020000000000000000000D /* ReaShoot.app */;
			productType = "com.apple.product-type.application";
		};
/* End PBXNativeTarget section */

/* Begin PBXProject section */
		A00600000000000000000001 /* Project object */ = {
			isa = PBXProject;
			attributes = {
				BuildIndependentTargetsInParallel = 1;
				LastSwiftUpdateCheck = 2650;
				LastUpgradeCheck = 2650;
				TargetAttributes = {
					A00400000000000000000001 = {
						CreatedOnToolsVersion = 26.5;
						ProvisioningStyle = Automatic;
					};
				};
			};
			buildConfigurationList = A00900000000000000000001 /* Build configuration list for PBXProject "ReaShoot" */;
			compatibilityVersion = "Xcode 15.0";
			developmentRegion = en;
			hasScannedForEncodings = 0;
			knownRegions = (
				en,
				Base,
			);
			mainGroup = A00300000000000000000001;
			packageReferences = (
				A01000000000000000000001 /* XCRemoteSwiftPackageReference "webrtc-xcframework" */,
			);
			productRefGroup = A00300000000000000000002 /* Products */;
			projectDirPath = "";
			projectRoot = "";
			targets = (
				A00400000000000000000001 /* ReaShoot */,
			);
		};
/* End PBXProject section */

/* Begin PBXResourcesBuildPhase section */
		A00500000000000000000003 /* Resources */ = {
			isa = PBXResourcesBuildPhase;
			buildActionMask = 2147483647;
			files = (
				A0010000000000000000000E /* Apps/ReaShoot/Assets.xcassets in Resources */,
			);
			runOnlyForDeploymentPostprocessing = 0;
		};
/* End PBXResourcesBuildPhase section */

/* Begin PBXSourcesBuildPhase section */
		A00500000000000000000001 /* Sources */ = {
			isa = PBXSourcesBuildPhase;
			buildActionMask = 2147483647;
			files = (
				A00100000000000000000001 /* Apps/ReaShoot/ReaShootApp.swift in Sources */,
				A00100000000000000000002 /* Apps/ReaShoot/ContentView.swift in Sources */,
				A00100000000000000000003 /* Sources/VideoSyncCore/Checksum.swift in Sources */,
				A00100000000000000000004 /* Sources/VideoSyncCore/ControlProtocol.swift in Sources */,
				A00100000000000000000005 /* Sources/VideoSyncCore/FileState.swift in Sources */,
				A00100000000000000000006 /* Sources/ReaShootKit/CaptureRecordingEngine.swift in Sources */,
				A00100000000000000000007 /* Sources/ReaShootKit/HTTPRecordingServer.swift in Sources */,
				A00100000000000000000008 /* Sources/ReaShootKit/ReaShootService.swift in Sources */,
				A00100000000000000000009 /* Sources/ReaShootKit/LocalWebSocketServer.swift in Sources */,
				A0010000000000000000000A /* Sources/ReaShootKit/PairingStore.swift in Sources */,
				A0010000000000000000000B /* Sources/ReaShootKit/RecordingStore.swift in Sources */,
				A0010000000000000000000C /* Sources/ReaShootKit/WebRTCPreviewSession.swift in Sources */,
			);
			runOnlyForDeploymentPostprocessing = 0;
		};
/* End PBXSourcesBuildPhase section */

/* Begin XCBuildConfiguration section */
		A00800000000000000000001 /* Debug */ = {
			isa = XCBuildConfiguration;
			buildSettings = {
				ALWAYS_SEARCH_USER_PATHS = NO;
				CLANG_ANALYZER_NONNULL = YES;
				CLANG_ANALYZER_NUMBER_OBJECT_CONVERSION = YES_AGGRESSIVE;
				CLANG_CXX_LANGUAGE_STANDARD = "gnu++20";
				CLANG_ENABLE_MODULES = YES;
				CLANG_ENABLE_OBJC_ARC = YES;
				CLANG_ENABLE_OBJC_WEAK = YES;
				CLANG_WARN_BLOCK_CAPTURE_AUTORELEASING = YES;
				CLANG_WARN_BOOL_CONVERSION = YES;
				CLANG_WARN_COMMA = YES;
				CLANG_WARN_CONSTANT_CONVERSION = YES;
				CLANG_WARN_DEPRECATED_OBJC_IMPLEMENTATIONS = YES;
				CLANG_WARN_DIRECT_OBJC_ISA_USAGE = YES_ERROR;
				CLANG_WARN_DOCUMENTATION_COMMENTS = YES;
				CLANG_WARN_EMPTY_BODY = YES;
				CLANG_WARN_ENUM_CONVERSION = YES;
				CLANG_WARN_INFINITE_RECURSION = YES;
				CLANG_WARN_INT_CONVERSION = YES;
				CLANG_WARN_NON_LITERAL_NULL_CONVERSION = YES;
				CLANG_WARN_OBJC_IMPLICIT_RETAIN_SELF = YES;
				CLANG_WARN_OBJC_LITERAL_CONVERSION = YES;
				CLANG_WARN_OBJC_ROOT_CLASS = YES_ERROR;
				CLANG_WARN_QUOTED_INCLUDE_IN_FRAMEWORK_HEADER = YES;
				CLANG_WARN_RANGE_LOOP_ANALYSIS = YES;
				CLANG_WARN_STRICT_PROTOTYPES = YES;
				CLANG_WARN_SUSPICIOUS_MOVE = YES;
				CLANG_WARN_UNGUARDED_AVAILABILITY = YES_AGGRESSIVE;
				CLANG_WARN_UNREACHABLE_CODE = YES;
				CLANG_WARN__DUPLICATE_METHOD_MATCH = YES;
				COPY_PHASE_STRIP = NO;
				DEBUG_INFORMATION_FORMAT = dwarf;
				ENABLE_STRICT_OBJC_MSGSEND = YES;
				ENABLE_TESTABILITY = YES;
				ENABLE_USER_SCRIPT_SANDBOXING = YES;
				GCC_C_LANGUAGE_STANDARD = gnu17;
				GCC_DYNAMIC_NO_PIC = NO;
				GCC_NO_COMMON_BLOCKS = YES;
				GCC_OPTIMIZATION_LEVEL = 0;
				GCC_PREPROCESSOR_DEFINITIONS = (
					"DEBUG=1",
					"$(inherited)",
				);
				GCC_WARN_64_TO_32_BIT_CONVERSION = YES;
				GCC_WARN_ABOUT_RETURN_TYPE = YES_ERROR;
				GCC_WARN_UNDECLARED_SELECTOR = YES;
				GCC_WARN_UNINITIALIZED_AUTOS = YES_AGGRESSIVE;
				GCC_WARN_UNUSED_FUNCTION = YES;
				GCC_WARN_UNUSED_VARIABLE = YES;
				IPHONEOS_DEPLOYMENT_TARGET = 17.0;
				LOCALIZATION_PREFERS_STRING_CATALOGS = YES;
				MTL_ENABLE_DEBUG_INFO = INCLUDE_SOURCE;
				MTL_FAST_MATH = YES;
				ONLY_ACTIVE_ARCH = YES;
				SDKROOT = iphoneos;
				SWIFT_ACTIVE_COMPILATION_CONDITIONS = DEBUG;
				SWIFT_OPTIMIZATION_LEVEL = "-Onone";
			};
			name = Debug;
		};
		A00800000000000000000002 /* Release */ = {
			isa = XCBuildConfiguration;
			buildSettings = {
				ALWAYS_SEARCH_USER_PATHS = NO;
				CLANG_ANALYZER_NONNULL = YES;
				CLANG_ANALYZER_NUMBER_OBJECT_CONVERSION = YES_AGGRESSIVE;
				CLANG_CXX_LANGUAGE_STANDARD = "gnu++20";
				CLANG_ENABLE_MODULES = YES;
				CLANG_ENABLE_OBJC_ARC = YES;
				CLANG_ENABLE_OBJC_WEAK = YES;
				CLANG_WARN_BLOCK_CAPTURE_AUTORELEASING = YES;
				CLANG_WARN_BOOL_CONVERSION = YES;
				CLANG_WARN_COMMA = YES;
				CLANG_WARN_CONSTANT_CONVERSION = YES;
				CLANG_WARN_DEPRECATED_OBJC_IMPLEMENTATIONS = YES;
				CLANG_WARN_DIRECT_OBJC_ISA_USAGE = YES_ERROR;
				CLANG_WARN_DOCUMENTATION_COMMENTS = YES;
				CLANG_WARN_EMPTY_BODY = YES;
				CLANG_WARN_ENUM_CONVERSION = YES;
				CLANG_WARN_INFINITE_RECURSION = YES;
				CLANG_WARN_INT_CONVERSION = YES;
				CLANG_WARN_NON_LITERAL_NULL_CONVERSION = YES;
				CLANG_WARN_OBJC_IMPLICIT_RETAIN_SELF = YES;
				CLANG_WARN_OBJC_LITERAL_CONVERSION = YES;
				CLANG_WARN_OBJC_ROOT_CLASS = YES_ERROR;
				CLANG_WARN_QUOTED_INCLUDE_IN_FRAMEWORK_HEADER = YES;
				CLANG_WARN_RANGE_LOOP_ANALYSIS = YES;
				CLANG_WARN_STRICT_PROTOTYPES = YES;
				CLANG_WARN_SUSPICIOUS_MOVE = YES;
				CLANG_WARN_UNGUARDED_AVAILABILITY = YES_AGGRESSIVE;
				CLANG_WARN_UNREACHABLE_CODE = YES;
				CLANG_WARN__DUPLICATE_METHOD_MATCH = YES;
				COPY_PHASE_STRIP = NO;
				DEBUG_INFORMATION_FORMAT = "dwarf-with-dsym";
				ENABLE_NS_ASSERTIONS = NO;
				ENABLE_STRICT_OBJC_MSGSEND = YES;
				ENABLE_USER_SCRIPT_SANDBOXING = YES;
				GCC_C_LANGUAGE_STANDARD = gnu17;
				GCC_NO_COMMON_BLOCKS = YES;
				GCC_WARN_64_TO_32_BIT_CONVERSION = YES;
				GCC_WARN_ABOUT_RETURN_TYPE = YES_ERROR;
				GCC_WARN_UNDECLARED_SELECTOR = YES;
				GCC_WARN_UNINITIALIZED_AUTOS = YES_AGGRESSIVE;
				GCC_WARN_UNUSED_FUNCTION = YES;
				GCC_WARN_UNUSED_VARIABLE = YES;
				IPHONEOS_DEPLOYMENT_TARGET = 17.0;
				LOCALIZATION_PREFERS_STRING_CATALOGS = YES;
				MTL_ENABLE_DEBUG_INFO = NO;
				MTL_FAST_MATH = YES;
				SDKROOT = iphoneos;
				SWIFT_COMPILATION_MODE = wholemodule;
				VALIDATE_PRODUCT = YES;
			};
			name = Release;
		};
		A00800000000000000000003 /* Debug */ = {
			isa = XCBuildConfiguration;
			buildSettings = {
				ASSETCATALOG_COMPILER_APPICON_NAME = AppIcon;
				CODE_SIGN_STYLE = Automatic;
				CURRENT_PROJECT_VERSION = 1;
				DEVELOPMENT_TEAM = 6QTJXLJJ62;
				GENERATE_INFOPLIST_FILE = NO;
				INFOPLIST_FILE = Apps/ReaShoot/Info.plist;
				IPHONEOS_DEPLOYMENT_TARGET = 17.0;
				LD_RUNPATH_SEARCH_PATHS = (
					"$(inherited)",
					"@executable_path/Frameworks",
				);
				MARKETING_VERSION = 1.0;
				PRODUCT_BUNDLE_IDENTIFIER = com.kevinlong.reashoot;
				PRODUCT_NAME = "$(TARGET_NAME)";
				SUPPORTED_PLATFORMS = "iphoneos iphonesimulator";
				SUPPORTS_MACCATALYST = NO;
				SWIFT_EMIT_LOC_STRINGS = YES;
				SWIFT_VERSION = 5.0;
				TARGETED_DEVICE_FAMILY = 1;
			};
			name = Debug;
		};
		A00800000000000000000004 /* Release */ = {
			isa = XCBuildConfiguration;
			buildSettings = {
				ASSETCATALOG_COMPILER_APPICON_NAME = AppIcon;
				CODE_SIGN_STYLE = Automatic;
				CURRENT_PROJECT_VERSION = 1;
				DEVELOPMENT_TEAM = 6QTJXLJJ62;
				GENERATE_INFOPLIST_FILE = NO;
				INFOPLIST_FILE = Apps/ReaShoot/Info.plist;
				IPHONEOS_DEPLOYMENT_TARGET = 17.0;
				LD_RUNPATH_SEARCH_PATHS = (
					"$(inherited)",
					"@executable_path/Frameworks",
				);
				MARKETING_VERSION = 1.0;
				PRODUCT_BUNDLE_IDENTIFIER = com.kevinlong.reashoot;
				PRODUCT_NAME = "$(TARGET_NAME)";
				SUPPORTED_PLATFORMS = "iphoneos iphonesimulator";
				SUPPORTS_MACCATALYST = NO;
				SWIFT_EMIT_LOC_STRINGS = YES;
				SWIFT_VERSION = 5.0;
				TARGETED_DEVICE_FAMILY = 1;
			};
			name = Release;
		};
/* End XCBuildConfiguration section */

/* Begin XCConfigurationList section */
		A00900000000000000000001 /* Build configuration list for PBXProject "ReaShoot" */ = {
			isa = XCConfigurationList;
			buildConfigurations = (
				A00800000000000000000001 /* Debug */,
				A00800000000000000000002 /* Release */,
			);
			defaultConfigurationIsVisible = 0;
			defaultConfigurationName = Release;
		};
		A00900000000000000000002 /* Build configuration list for PBXNativeTarget "ReaShoot" */ = {
			isa = XCConfigurationList;
			buildConfigurations = (
				A00800000000000000000003 /* Debug */,
				A00800000000000000000004 /* Release */,
			);
			defaultConfigurationIsVisible = 0;
			defaultConfigurationName = Release;
		};
/* End XCConfigurationList section */

/* Begin XCRemoteSwiftPackageReference section */
		A01000000000000000000001 /* XCRemoteSwiftPackageReference "webrtc-xcframework" */ = {
			isa = XCRemoteSwiftPackageReference;
			repositoryURL = "https://github.com/livekit/webrtc-xcframework.git";
			requirement = {
				branch = main;
				kind = branch;
			};
		};
/* End XCRemoteSwiftPackageReference section */

/* Begin XCSwiftPackageProductDependency section */
		A01100000000000000000002 /* LiveKitWebRTC */ = {
			isa = XCSwiftPackageProductDependency;
			package = A01000000000000000000001 /* XCRemoteSwiftPackageReference "webrtc-xcframework" */;
			productName = LiveKitWebRTC;
		};
/* End XCSwiftPackageProductDependency section */
	};
	rootObject = A00600000000000000000001 /* Project object */;
}
